
Microsoft Visual Studio Solution File, Format Version 12.00
# Visual Studio Version 17
VisualStudioVersion = 17.11.35222.181
MinimumVisualStudioVersion = 10.0.40219.1
Project("{FAE04EC0-301F-11D3-BF4B-00C04F79EFBC}") = "DemoPatronProductorConsumidor", "DemoPatronProductorConsumidor\DemoPatronProductorConsumidor.csproj", "{AFA5BB59-C280-4099-8148-26B088E62890}"
EndProject
Global
	GlobalSection(SolutionConfigurationPlatforms) = preSolution
		Debug|Any CPU = Debug|Any CPU
		Release|Any CPU = Release|Any CPU
	EndGlobalSection
	GlobalSection(ProjectConfigurationPlatforms) = postSolution
		{AFA5BB59-C280-4099-8148-26B088E62890}.Debug|Any CPU.ActiveCfg = Debug|Any CPU
		{AFA5BB59-C280-4099-8148-26B088E62890}.Debug|Any CPU.Build.0 = Debug|Any CPU
		{AFA5BB59-C280-4099-8148-26B088E62890}.Release|Any CPU.ActiveCfg = Release|Any CPU
		{AFA5BB59-C280-4099-8148-26B088E62890}.Release|Any CPU.Build.0 = Release|Any CPU
	EndGlobalSection
	GlobalSection(SolutionProperties) = preSolution
		HideSolutionNode = FALSE
	EndGlobalSection
	GlobalSection(ExtensibilityGlobals) = postSolution
		SolutionGuid = {95F9F816-333C-4B3B-B50E-E6FAFB016387}
	EndGlobalSection
EndGlobal
